
Microsoft Visual Studio Solution File, Format Version 12.00
# Visual Studio 15
VisualStudioVersion = 15.0.28010.2046
MinimumVisualStudioVersion = 10.0.40219.1
Project("{FAE04EC0-301F-11D3-BF4B-00C04F79EFBC}") = "L6", "L6\L6.csproj", "{AAFFA9FC-2847-4BE1-8DBF-CF1CCEFA9974}"
EndProject
Global
	GlobalSection(SolutionConfigurationPlatforms) = preSolution
		Debug|Any CPU = Debug|Any CPU
		Release|Any CPU = Release|Any CPU
	EndGlobalSection
	GlobalSection(ProjectConfigurationPlatforms) = postSolution
		{AAFFA9FC-2847-4BE1-8DBF-CF1CCEFA9974}.Debug|Any CPU.ActiveCfg = Debug|Any CPU
		{AAFFA9FC-2847-4BE1-8DBF-CF1CCEFA9974}.Debug|Any CPU.Build.0 = Debug|Any CPU
		{AAFFA9FC-2847-4BE1-8DBF-CF1CCEFA9974}.Release|Any CPU.ActiveCfg = Release|Any CPU
		{AAFFA9FC-2847-4BE1-8DBF-CF1CCEFA9974}.Release|Any CPU.Build.0 = Release|Any CPU
	EndGlobalSection
	GlobalSection(SolutionProperties) = preSolution
		HideSolutionNode = FALSE
	EndGlobalSection
	GlobalSection(ExtensibilityGlobals) = postSolution
		SolutionGuid = {757E9B79-A492-49D1-8998-521D02E717F0}
	EndGlobalSection
EndGlobal
