
Microsoft Visual Studio Solution File, Format Version 12.00
# Visual Studio 15
VisualStudioVersion = 15.0.28010.2019
MinimumVisualStudioVersion = 10.0.40219.1
Project("{FAE04EC0-301F-11D3-BF4B-00C04F79EFBC}") = "L3", "L3\L3.csproj", "{FD04D9EC-9C2E-4EF9-9DA3-B2995DBEDE83}"
EndProject
Global
	GlobalSection(SolutionConfigurationPlatforms) = preSolution
		Debug|Any CPU = Debug|Any CPU
		Release|Any CPU = Release|Any CPU
	EndGlobalSection
	GlobalSection(ProjectConfigurationPlatforms) = postSolution
		{FD04D9EC-9C2E-4EF9-9DA3-B2995DBEDE83}.Debug|Any CPU.ActiveCfg = Debug|Any CPU
		{FD04D9EC-9C2E-4EF9-9DA3-B2995DBEDE83}.Debug|Any CPU.Build.0 = Debug|Any CPU
		{FD04D9EC-9C2E-4EF9-9DA3-B2995DBEDE83}.Release|Any CPU.ActiveCfg = Release|Any CPU
		{FD04D9EC-9C2E-4EF9-9DA3-B2995DBEDE83}.Release|Any CPU.Build.0 = Release|Any CPU
	EndGlobalSection
	GlobalSection(SolutionProperties) = preSolution
		HideSolutionNode = FALSE
	EndGlobalSection
	GlobalSection(ExtensibilityGlobals) = postSolution
		SolutionGuid = {BB89A8C5-1A89-4DA9-A275-09743BC27478}
	EndGlobalSection
EndGlobal
